
Microsoft Visual Studio Solution File, Format Version 12.00
# Visual Studio Version 16
VisualStudioVersion = 16.0.31410.357
MinimumVisualStudioVersion = 10.0.40219.1
Project("{2150E333-8FDC-42A3-9474-1A3956D46DE8}") = "Tutorial", "Tutorial", "{15F068BF-B648-44F7-8B85-D8744E2D44F4}"
EndProject
Project("{2150E333-8FDC-42A3-9474-1A3956D46DE8}") = "Security", "Security", "{B330B21D-0E75-49E7-B1A3-5DC0F5BD7923}"
EndProject
Project("{2150E333-8FDC-42A3-9474-1A3956D46DE8}") = "Presentation", "Presentation", "{9E4ED083-6663-4F07-A02F-415A4DD29471}"
EndProject
Project("{2150E333-8FDC-42A3-9474-1A3956D46DE8}") = "Security.Domain", "Security.Domain", "{0094619C-8BCB-4D14-A292-0B3862483E36}"
EndProject
Project("{2150E333-8FDC-42A3-9474-1A3956D46DE8}") = "Security.Application", "Security.Application", "{BE6178A8-6BAC-4B7C-8594-A4A751321692}"
EndProject
Project("{2150E333-8FDC-42A3-9474-1A3956D46DE8}") = "Security.Bootstraper", "Security.Bootstraper", "{5DB4F4CF-F924-4BD3-97B6-9674682B28F8}"
EndProject
Project("{2150E333-8FDC-42A3-9474-1A3956D46DE8}") = "Security.Infrastructure", "Security.Infrastructure", "{D4B1D11B-BC71-45A8-8341-DB20273DF9EC}"
EndProject
Project("{2150E333-8FDC-42A3-9474-1A3956D46DE8}") = "Framework", "Framework", "{C5F65E18-0BE6-49FB-BCB0-E32D158DBEB4}"
EndProject
Project("{2150E333-8FDC-42A3-9474-1A3956D46DE8}") = "Tutorial.Application", "Tutorial.Application", "{41F45FDA-50CF-44B8-9EAB-BDD5F31FDBAD}"
EndProject
Project("{2150E333-8FDC-42A3-9474-1A3956D46DE8}") = "Tutorial.Domain", "Tutorial.Domain", "{B048A381-CA7C-4FF6-83C9-68E5F748CC39}"
EndProject
Project("{2150E333-8FDC-42A3-9474-1A3956D46DE8}") = "Tutorial.Bootstraper", "Tutorial.Bootstraper", "{E4350B12-CD67-4158-82DF-C4CFEE8C8212}"
EndProject
Project("{2150E333-8FDC-42A3-9474-1A3956D46DE8}") = "Tutorial.Infrastructure", "Tutorial.Infrastructure", "{25F06E8E-41B0-4AD1-BB02-46B0906FBB9F}"
EndProject
Project("{FAE04EC0-301F-11D3-BF4B-00C04F79EFBC}") = "Framework.Domain", "Framework.Domain\Framework.Domain.csproj", "{9628ADBF-B372-4AA2-91B7-5B2FA9E1B00F}"
EndProject
Project("{FAE04EC0-301F-11D3-BF4B-00C04F79EFBC}") = "UI.MVC", "UI.MVC\UI.MVC.csproj", "{6E0C651B-F71F-4D5B-AB2F-99EF92E064E0}"
EndProject
Project("{FAE04EC0-301F-11D3-BF4B-00C04F79EFBC}") = "Security.Domain", "Security.Domain\Security.Domain.csproj", "{4AC69DF7-902C-4B4F-AE06-DEFC05E1BCDB}"
EndProject
Project("{2150E333-8FDC-42A3-9474-1A3956D46DE8}") = "Security.Infra.Persistence.EF", "Security.Infra.Persistence.EF", "{28D8CBCB-3876-45DC-B844-2A81B281FE37}"
EndProject
Project("{FAE04EC0-301F-11D3-BF4B-00C04F79EFBC}") = "Security.Infra.Persistence.EF", "Security.Infra.Persistence.EF\Security.Infra.Persistence.EF.csproj", "{5A20F546-EA7E-487D-962E-5D5CA56544DA}"
EndProject
Project("{FAE04EC0-301F-11D3-BF4B-00C04F79EFBC}") = "Tutorial.Domain", "Tutorial.Domain\Tutorial.Domain.csproj", "{93366474-8145-44A8-A716-56152FACEB6A}"
EndProject
Project("{FAE04EC0-301F-11D3-BF4B-00C04F79EFBC}") = "Tutorial.Persistence.EF", "Tutorial.Persistence.EF\Tutorial.Persistence.EF.csproj", "{CD02C0BB-13E7-4179-9F96-53DFB46E3161}"
EndProject
Project("{FAE04EC0-301F-11D3-BF4B-00C04F79EFBC}") = "Tutorial.Bootstraper", "Tutorial.Bootstraper\Tutorial.Bootstraper.csproj", "{BD85CBD9-75EA-407C-A8EC-21DBECF7F7C4}"
EndProject
Project("{2150E333-8FDC-42A3-9474-1A3956D46DE8}") = "test", "test", "{DA4F22A6-A6AD-483D-918E-C0516D22166B}"
EndProject
Project("{2150E333-8FDC-42A3-9474-1A3956D46DE8}") = "src", "src", "{14528D7F-7BD1-43A9-9862-00B687C47BE7}"
EndProject
Project("{2150E333-8FDC-42A3-9474-1A3956D46DE8}") = "UnitTest", "UnitTest", "{933DBB20-3E13-4AF7-9B0C-0AD0E33C840A}"
EndProject
Project("{2150E333-8FDC-42A3-9474-1A3956D46DE8}") = "Tutorial.UnitTest", "Tutorial.UnitTest", "{0A23E307-538A-4711-B807-A2B1760E3A3F}"
EndProject
Project("{FAE04EC0-301F-11D3-BF4B-00C04F79EFBC}") = "Tutorial.UnitTest", "Tutorial.UnitTest\Tutorial.UnitTest.csproj", "{A7638728-9BF6-4289-838B-8BFACD094627}"
EndProject
Global
	GlobalSection(SolutionConfigurationPlatforms) = preSolution
		Debug|Any CPU = Debug|Any CPU
		Release|Any CPU = Release|Any CPU
	EndGlobalSection
	GlobalSection(ProjectConfigurationPlatforms) = postSolution
		{9628ADBF-B372-4AA2-91B7-5B2FA9E1B00F}.Debug|Any CPU.ActiveCfg = Debug|Any CPU
		{9628ADBF-B372-4AA2-91B7-5B2FA9E1B00F}.Debug|Any CPU.Build.0 = Debug|Any CPU
		{9628ADBF-B372-4AA2-91B7-5B2FA9E1B00F}.Release|Any CPU.ActiveCfg = Release|Any CPU
		{9628ADBF-B372-4AA2-91B7-5B2FA9E1B00F}.Release|Any CPU.Build.0 = Release|Any CPU
		{6E0C651B-F71F-4D5B-AB2F-99EF92E064E0}.Debug|Any CPU.ActiveCfg = Debug|Any CPU
		{6E0C651B-F71F-4D5B-AB2F-99EF92E064E0}.Debug|Any CPU.Build.0 = Debug|Any CPU
		{6E0C651B-F71F-4D5B-AB2F-99EF92E064E0}.Release|Any CPU.ActiveCfg = Release|Any CPU
		{6E0C651B-F71F-4D5B-AB2F-99EF92E064E0}.Release|Any CPU.Build.0 = Release|Any CPU
		{4AC69DF7-902C-4B4F-AE06-DEFC05E1BCDB}.Debug|Any CPU.ActiveCfg = Debug|Any CPU
		{4AC69DF7-902C-4B4F-AE06-DEFC05E1BCDB}.Debug|Any CPU.Build.0 = Debug|Any CPU
		{4AC69DF7-902C-4B4F-AE06-DEFC05E1BCDB}.Release|Any CPU.ActiveCfg = Release|Any CPU
		{4AC69DF7-902C-4B4F-AE06-DEFC05E1BCDB}.Release|Any CPU.Build.0 = Release|Any CPU
		{5A20F546-EA7E-487D-962E-5D5CA56544DA}.Debug|Any CPU.ActiveCfg = Debug|Any CPU
		{5A20F546-EA7E-487D-962E-5D5CA56544DA}.Debug|Any CPU.Build.0 = Debug|Any CPU
		{5A20F546-EA7E-487D-962E-5D5CA56544DA}.Release|Any CPU.ActiveCfg = Release|Any CPU
		{5A20F546-EA7E-487D-962E-5D5CA56544DA}.Release|Any CPU.Build.0 = Release|Any CPU
		{93366474-8145-44A8-A716-56152FACEB6A}.Debug|Any CPU.ActiveCfg = Debug|Any CPU
		{93366474-8145-44A8-A716-56152FACEB6A}.Debug|Any CPU.Build.0 = Debug|Any CPU
		{93366474-8145-44A8-A716-56152FACEB6A}.Release|Any CPU.ActiveCfg = Release|Any CPU
		{93366474-8145-44A8-A716-56152FACEB6A}.Release|Any CPU.Build.0 = Release|Any CPU
		{CD02C0BB-13E7-4179-9F96-53DFB46E3161}.Debug|Any CPU.ActiveCfg = Debug|Any CPU
		{CD02C0BB-13E7-4179-9F96-53DFB46E3161}.Debug|Any CPU.Build.0 = Debug|Any CPU
		{CD02C0BB-13E7-4179-9F96-53DFB46E3161}.Release|Any CPU.ActiveCfg = Release|Any CPU
		{CD02C0BB-13E7-4179-9F96-53DFB46E3161}.Release|Any CPU.Build.0 = Release|Any CPU
		{BD85CBD9-75EA-407C-A8EC-21DBECF7F7C4}.Debug|Any CPU.ActiveCfg = Debug|Any CPU
		{BD85CBD9-75EA-407C-A8EC-21DBECF7F7C4}.Debug|Any CPU.Build.0 = Debug|Any CPU
		{BD85CBD9-75EA-407C-A8EC-21DBECF7F7C4}.Release|Any CPU.ActiveCfg = Release|Any CPU
		{BD85CBD9-75EA-407C-A8EC-21DBECF7F7C4}.Release|Any CPU.Build.0 = Release|Any CPU
		{A7638728-9BF6-4289-838B-8BFACD094627}.Debug|Any CPU.ActiveCfg = Debug|Any CPU
		{A7638728-9BF6-4289-838B-8BFACD094627}.Debug|Any CPU.Build.0 = Debug|Any CPU
		{A7638728-9BF6-4289-838B-8BFACD094627}.Release|Any CPU.ActiveCfg = Release|Any CPU
		{A7638728-9BF6-4289-838B-8BFACD094627}.Release|Any CPU.Build.0 = Release|Any CPU
	EndGlobalSection
	GlobalSection(SolutionProperties) = preSolution
		HideSolutionNode = FALSE
	EndGlobalSection
	GlobalSection(NestedProjects) = preSolution
		{15F068BF-B648-44F7-8B85-D8744E2D44F4} = {14528D7F-7BD1-43A9-9862-00B687C47BE7}
		{B330B21D-0E75-49E7-B1A3-5DC0F5BD7923} = {14528D7F-7BD1-43A9-9862-00B687C47BE7}
		{9E4ED083-6663-4F07-A02F-415A4DD29471} = {14528D7F-7BD1-43A9-9862-00B687C47BE7}
		{0094619C-8BCB-4D14-A292-0B3862483E36} = {B330B21D-0E75-49E7-B1A3-5DC0F5BD7923}
		{BE6178A8-6BAC-4B7C-8594-A4A751321692} = {B330B21D-0E75-49E7-B1A3-5DC0F5BD7923}
		{5DB4F4CF-F924-4BD3-97B6-9674682B28F8} = {B330B21D-0E75-49E7-B1A3-5DC0F5BD7923}
		{D4B1D11B-BC71-45A8-8341-DB20273DF9EC} = {B330B21D-0E75-49E7-B1A3-5DC0F5BD7923}
		{C5F65E18-0BE6-49FB-BCB0-E32D158DBEB4} = {14528D7F-7BD1-43A9-9862-00B687C47BE7}
		{41F45FDA-50CF-44B8-9EAB-BDD5F31FDBAD} = {15F068BF-B648-44F7-8B85-D8744E2D44F4}
		{B048A381-CA7C-4FF6-83C9-68E5F748CC39} = {15F068BF-B648-44F7-8B85-D8744E2D44F4}
		{E4350B12-CD67-4158-82DF-C4CFEE8C8212} = {15F068BF-B648-44F7-8B85-D8744E2D44F4}
		{25F06E8E-41B0-4AD1-BB02-46B0906FBB9F} = {15F068BF-B648-44F7-8B85-D8744E2D44F4}
		{9628ADBF-B372-4AA2-91B7-5B2FA9E1B00F} = {C5F65E18-0BE6-49FB-BCB0-E32D158DBEB4}
		{6E0C651B-F71F-4D5B-AB2F-99EF92E064E0} = {9E4ED083-6663-4F07-A02F-415A4DD29471}
		{4AC69DF7-902C-4B4F-AE06-DEFC05E1BCDB} = {0094619C-8BCB-4D14-A292-0B3862483E36}
		{28D8CBCB-3876-45DC-B844-2A81B281FE37} = {D4B1D11B-BC71-45A8-8341-DB20273DF9EC}
		{5A20F546-EA7E-487D-962E-5D5CA56544DA} = {28D8CBCB-3876-45DC-B844-2A81B281FE37}
		{93366474-8145-44A8-A716-56152FACEB6A} = {B048A381-CA7C-4FF6-83C9-68E5F748CC39}
		{CD02C0BB-13E7-4179-9F96-53DFB46E3161} = {25F06E8E-41B0-4AD1-BB02-46B0906FBB9F}
		{BD85CBD9-75EA-407C-A8EC-21DBECF7F7C4} = {E4350B12-CD67-4158-82DF-C4CFEE8C8212}
		{933DBB20-3E13-4AF7-9B0C-0AD0E33C840A} = {DA4F22A6-A6AD-483D-918E-C0516D22166B}
		{0A23E307-538A-4711-B807-A2B1760E3A3F} = {933DBB20-3E13-4AF7-9B0C-0AD0E33C840A}
		{A7638728-9BF6-4289-838B-8BFACD094627} = {0A23E307-538A-4711-B807-A2B1760E3A3F}
	EndGlobalSection
	GlobalSection(ExtensibilityGlobals) = postSolution
		SolutionGuid = {166A096F-A77F-47AF-87EA-5B7E0E06F6FD}
	EndGlobalSection
EndGlobal
